PODS:
  - Default (3.0.0)
  - LoginServiceKit (2.5.0)
  - RxBlocking (6.6.0):
    - RxSwift (= 6.6.0)
  - RxCocoa (6.6.0):
    - RxRelay (= 6.6.0)
    - RxSwift (= 6.6.0)
  - RxRelay (6.6.0):
    - RxSwift (= 6.6.0)
  - RxSwift (6.6.0)
  - RxTest (6.6.0):
    - RxSwift (= 6.6.0)

DEPENDENCIES:
  - Default
  - LoginServiceKit (from `https://github.com/Clipy/LoginServiceKit.git`)
  - RxBlocking (~> 6)
  - RxCocoa (~> 6)
  - RxSwift (~> 6)
  - RxTest (~> 6)

SPEC REPOS:
  trunk:
    - Default
    - RxBlocking
    - RxCocoa
    - RxRelay
    - RxSwift
    - RxTest

EXTERNAL SOURCES:
  LoginServiceKit:
    :git: https://github.com/Clipy/LoginServiceKit.git

CHECKOUT OPTIONS:
  LoginServiceKit:
    :commit: 56dce9dbf4367c1445ef2343a2a912bbe5019a6c
    :git: https://github.com/Clipy/LoginServiceKit.git

SPEC CHECKSUMS:
  Default: df6f5067d92a350e908125bf269a7317df86b3bb
  LoginServiceKit: 87c3d42ddb80d39ee8ea6b7a93f8c654ff58781b
  RxBlocking: fbd1f8501443024f686e556f36dac79b0d5f4d7c
  RxCocoa: 44a80de90e25b739b5aeaae3c8c371a32e3343cc
  RxRelay: 45eaa5db8ee4fb50e5ebd57deec0159e97fa51e6
  RxSwift: a4b44f7d24599f674deebd1818eab82e58410632
  RxTest: a23f26bb53a5e146a0a69db4f0fa0b69001ce7f4

PODFILE CHECKSUM: eb258cca22cfb3079509b31cce3826d842f600db

COCOAPODS: 1.12.1
