{
  "object": {
    "pins": [
      {
        "package": "Fuse",
        "repositoryURL": "https://github.com/krisk/fuse-swift",
        "state": {
          "branch": null,
          "revision": "26ba868691b2d8b7bf2b1322951eb591be70ccca",
          "version": "1.4.0"
        }
      },
      {
        "package": "HotKey",
        "repositoryURL": "https://github.com/mattDavo/HotKey",
        "state": {
          "branch": null,
          "revision": "fd5493d0e30e1f8ae4bce708a2446746c11e7a15",
          "version": "0.1.5"
        }
      }
    ]
  },
  "version": 1
}
