{
  "pins" : [
    {
      "identity" : "fuse-swift",
      "kind" : "remoteSourceControl",
      "location" : "https://github.com/krisk/fuse-swift",
      "state" : {
        "revision" : "26ba868691b2d8b7bf2b1322951eb591be70ccca",
        "version" : "1.4.0"
      }
    },
    {
      "identity" : "hotkey",
      "kind" : "remoteSourceControl",
      "location" : "https://github.com/mattDavo/HotKey",
      "state" : {
        "revision" : "fd5493d0e30e1f8ae4bce708a2446746c11e7a15",
        "version" : "0.1.5"
      }
    }
  ],
  "version" : 2
}
