{
  "pins" : [
    {
      "identity" : "default",
      "kind" : "remoteSourceControl",
      "location" : "https://github.com/Nirma/Default.git",
      "state" : {
        "branch" : "main",
        "revision" : "e61e4211663181b12ff8cba98791bbbc1199078b"
      }
    },
    {
      "identity" : "easyskeleton",
      "kind" : "remoteSourceControl",
      "location" : "https://github.com/SpectralDragon/EasySkeleton",
      "state" : {
        "branch" : "main",
        "revision" : "1cfdd165da0619053a931df3b03d22b6f42a7924"
      }
    },
    {
      "identity" : "fuse-swift",
      "kind" : "remoteSourceControl",
      "location" : "https://github.com/krisk/fuse-swift",
      "state" : {
        "revision" : "26ba868691b2d8b7bf2b1322951eb591be70ccca",
        "version" : "1.4.0"
      }
    },
    {
      "identity" : "hotkey",
      "kind" : "remoteSourceControl",
      "location" : "https://github.com/mattDavo/HotKey",
      "state" : {
        "revision" : "fd5493d0e30e1f8ae4bce708a2446746c11e7a15",
        "version" : "0.1.5"
      }
    },
    {
      "identity" : "loginservicekit",
      "kind" : "remoteSourceControl",
      "location" : "https://github.com/Clipy/LoginServiceKit.git",
      "state" : {
        "branch" : "master",
        "revision" : "56dce9dbf4367c1445ef2343a2a912bbe5019a6c"
      }
    },
    {
      "identity" : "rxswift",
      "kind" : "remoteSourceControl",
      "location" : "https://github.com/ReactiveX/RxSwift",
      "state" : {
        "revision" : "9dcaa4b333db437b0fbfaf453fad29069044a8b4",
        "version" : "6.6.0"
      }
    }
  ],
  "version" : 2
}
