// !$*UTF8*$!
{
	archiveVersion = 1;
	classes = {
	};
	objectVersion = 51;
	objects = {

/* Begin PBXBuildFile section */
		341D9D25233724A2008A2BE6 /* KeyPressMonitor.swift in Sources */ = {isa = PBXBuildFile; fileRef = 341D9D24233724A2008A2BE6 /* KeyPressMonitor.swift */; };
		341D9D27233724FE008A2BE6 /* NSEventModifierFlags+KeyPressMonitor.swift in Sources */ = {isa = PBXBuildFile; fileRef = 341D9D26233724FE008A2BE6 /* NSEventModifierFlags+KeyPressMonitor.swift */; };
		341D9D292337251B008A2BE6 /* KeyActionHandler.swift in Sources */ = {isa = PBXBuildFile; fileRef = 341D9D282337251B008A2BE6 /* KeyActionHandler.swift */; };
		341D9D2B23372550008A2BE6 /* KeyAction.swift in Sources */ = {isa = PBXBuildFile; fileRef = 341D9D2A23372550008A2BE6 /* KeyAction.swift */; };
		341D9D2D23372592008A2BE6 /* EventMonitor.swift in Sources */ = {isa = PBXBuildFile; fileRef = 341D9D2C23372592008A2BE6 /* EventMonitor.swift */; };
		341D9D2F233725B3008A2BE6 /* KeyDownEventMonitor.swift in Sources */ = {isa = PBXBuildFile; fileRef = 341D9D2E233725B3008A2BE6 /* KeyDownEventMonitor.swift */; };
		341D9D31233725CA008A2BE6 /* KeyUpEventMonitor.swift in Sources */ = {isa = PBXBuildFile; fileRef = 341D9D30233725CA008A2BE6 /* KeyUpEventMonitor.swift */; };
		341D9D33233725DE008A2BE6 /* SpecialKeyChangedEventMonitor.swift in Sources */ = {isa = PBXBuildFile; fileRef = 341D9D32233725DE008A2BE6 /* SpecialKeyChangedEventMonitor.swift */; };
		341D9D3523373083008A2BE6 /* YippyHotKey.swift in Sources */ = {isa = PBXBuildFile; fileRef = 341D9D3423373083008A2BE6 /* YippyHotKey.swift */; };
		341D9D37233730A5008A2BE6 /* YippyHotKeys.swift in Sources */ = {isa = PBXBuildFile; fileRef = 341D9D36233730A5008A2BE6 /* YippyHotKeys.swift */; };
		341D9D3C233ADE6E008A2BE6 /* YippyWindowController.swift in Sources */ = {isa = PBXBuildFile; fileRef = 341D9D3B233ADE6E008A2BE6 /* YippyWindowController.swift */; };
		341D9D40233AE8A1008A2BE6 /* Helper.swift in Sources */ = {isa = PBXBuildFile; fileRef = 341D9D3F233AE8A1008A2BE6 /* Helper.swift */; };
		341D9D42233B48E4008A2BE6 /* Array+Functional.swift in Sources */ = {isa = PBXBuildFile; fileRef = 341D9D41233B48E4008A2BE6 /* Array+Functional.swift */; };
		3426810D233D912E00BA226A /* PasteboardMonitorTests.swift in Sources */ = {isa = PBXBuildFile; fileRef = 3426810C233D912E00BA226A /* PasteboardMonitorTests.swift */; };
		34268111233D9CB500BA226A /* NSMenuFunctionalTests.swift in Sources */ = {isa = PBXBuildFile; fileRef = 34268110233D9CB500BA226A /* NSMenuFunctionalTests.swift */; };
		34268113233D9EC500BA226A /* NSMenuItemFunctionalTests.swift in Sources */ = {isa = PBXBuildFile; fileRef = 34268112233D9EC500BA226A /* NSMenuItemFunctionalTests.swift */; };
		34268115233DA69500BA226A /* ArrayFunctionalTests.swift in Sources */ = {isa = PBXBuildFile; fileRef = 34268114233DA69500BA226A /* ArrayFunctionalTests.swift */; };
		34268118233DE4EB00BA226A /* YippyHotKeyTests.swift in Sources */ = {isa = PBXBuildFile; fileRef = 34268117233DE4EB00BA226A /* YippyHotKeyTests.swift */; };
		3426811A233DF64700BA226A /* WelcomeUITests.swift in Sources */ = {isa = PBXBuildFile; fileRef = 34268119233DF64700BA226A /* WelcomeUITests.swift */; };
		3426811E233E0A4600BA226A /* Accessibility.swift in Sources */ = {isa = PBXBuildFile; fileRef = 3426811D233E0A4600BA226A /* Accessibility.swift */; };
		3426811F233E0A9A00BA226A /* Accessibility.swift in Sources */ = {isa = PBXBuildFile; fileRef = 3426811D233E0A4600BA226A /* Accessibility.swift */; };
		34268124233EE82200BA226A /* AccessControlHelper.swift in Sources */ = {isa = PBXBuildFile; fileRef = 34268123233EE82200BA226A /* AccessControlHelper.swift */; };
		34268126233EE83700BA226A /* AccessControlHelperMock.swift in Sources */ = {isa = PBXBuildFile; fileRef = 34268125233EE83700BA226A /* AccessControlHelperMock.swift */; };
		3426812C233EFD2900BA226A /* UITesting.swift in Sources */ = {isa = PBXBuildFile; fileRef = 3426812B233EFD2900BA226A /* UITesting.swift */; };
		343F411A233C8C14004DA324 /* SettingsTests.swift in Sources */ = {isa = PBXBuildFile; fileRef = 343F4119233C8C14004DA324 /* SettingsTests.swift */; };
		343F411C233C97A4004DA324 /* UserDefaults+Blank.swift in Sources */ = {isa = PBXBuildFile; fileRef = 343F411B233C97A4004DA324 /* UserDefaults+Blank.swift */; };
		345B149323403B4100C2D0DA /* AccessControlMock.swift in Sources */ = {isa = PBXBuildFile; fileRef = 345B149223403B4100C2D0DA /* AccessControlMock.swift */; };
		345B149423403B8F00C2D0DA /* AccessControlMock.swift in Sources */ = {isa = PBXBuildFile; fileRef = 345B149223403B4100C2D0DA /* AccessControlMock.swift */; };
		345B14962340493600C2D0DA /* XCUIApplication+Windows.swift in Sources */ = {isa = PBXBuildFile; fileRef = 345B14952340493600C2D0DA /* XCUIApplication+Windows.swift */; };
		345B14982340494300C2D0DA /* XCUIApplication+Buttons.swift in Sources */ = {isa = PBXBuildFile; fileRef = 345B14972340494300C2D0DA /* XCUIApplication+Buttons.swift */; };
		345B149A23404A9400C2D0DA /* XCUIApplication+Actions.swift in Sources */ = {isa = PBXBuildFile; fileRef = 345B149923404A9400C2D0DA /* XCUIApplication+Actions.swift */; };
		345B149C23404AC700C2D0DA /* XCUIElement+Properties.swift in Sources */ = {isa = PBXBuildFile; fileRef = 345B149B23404AC700C2D0DA /* XCUIElement+Properties.swift */; };
		345B149F23404D8500C2D0DA /* HelpUITests.swift in Sources */ = {isa = PBXBuildFile; fileRef = 345B149E23404D8500C2D0DA /* HelpUITests.swift */; };
		345B14A3234060BB00C2D0DA /* XCUIApplication+StaticTexts.swift in Sources */ = {isa = PBXBuildFile; fileRef = 345B14A2234060BB00C2D0DA /* XCUIApplication+StaticTexts.swift */; };
		345B14A6234061D700C2D0DA /* AboutUITests.swift in Sources */ = {isa = PBXBuildFile; fileRef = 345B14A5234061D700C2D0DA /* AboutUITests.swift */; };
		345B14A723406DCD00C2D0DA /* PanelPosition.swift in Sources */ = {isa = PBXBuildFile; fileRef = 34B2FD9422F98B1A0068D50A /* PanelPosition.swift */; };
		345B14A823406E0500C2D0DA /* Constants.swift in Sources */ = {isa = PBXBuildFile; fileRef = 3488B13F22FAE8F30019E7DA /* Constants.swift */; };
		345B14AD2341A08800C2D0DA /* XCUIApplication+Yippy.swift in Sources */ = {isa = PBXBuildFile; fileRef = 345B14AC2341A08800C2D0DA /* XCUIApplication+Yippy.swift */; };
		345B14AF2341AEEA00C2D0DA /* KeyPressHelper.swift in Sources */ = {isa = PBXBuildFile; fileRef = 345B14AE2341AEEA00C2D0DA /* KeyPressHelper.swift */; };
		345B14B12341AF1900C2D0DA /* KeyPressHelperMock.swift in Sources */ = {isa = PBXBuildFile; fileRef = 345B14B02341AF1900C2D0DA /* KeyPressHelperMock.swift */; };
		345B14B32341AFB800C2D0DA /* KeyPressMock.swift in Sources */ = {isa = PBXBuildFile; fileRef = 345B14B22341AFB800C2D0DA /* KeyPressMock.swift */; };
		345B14B42341B37A00C2D0DA /* KeyPressMock.swift in Sources */ = {isa = PBXBuildFile; fileRef = 345B14B22341AFB800C2D0DA /* KeyPressMock.swift */; };
		345B14B52341B8DF00C2D0DA /* UITesting.swift in Sources */ = {isa = PBXBuildFile; fileRef = 3426812B233EFD2900BA226A /* UITesting.swift */; };
		34734C802330CB6A0056F855 /* PasteboardMonitor.swift in Sources */ = {isa = PBXBuildFile; fileRef = 34734C7E2330CB6A0056F855 /* PasteboardMonitor.swift */; };
		34734C812330CB6A0056F855 /* PasteboardMonitorDelegate.swift in Sources */ = {isa = PBXBuildFile; fileRef = 34734C7F2330CB6A0056F855 /* PasteboardMonitorDelegate.swift */; };
		347D59A522F43B94005F6EA8 /* YippyItem.swift in Sources */ = {isa = PBXBuildFile; fileRef = 347D59A322F43B94005F6EA8 /* YippyItem.swift */; };
		3488B14022FAE8F30019E7DA /* Constants.swift in Sources */ = {isa = PBXBuildFile; fileRef = 3488B13F22FAE8F30019E7DA /* Constants.swift */; };
		3488B14222FAE9FA0019E7DA /* State.swift in Sources */ = {isa = PBXBuildFile; fileRef = 3488B14122FAE9FA0019E7DA /* State.swift */; };
		3490D3972328D6BD00BA8747 /* WelcomeViewController.swift in Sources */ = {isa = PBXBuildFile; fileRef = 3490D3962328D6BD00BA8747 /* WelcomeViewController.swift */; };
		3490D3992328EFB300BA8747 /* HelpViewController.swift in Sources */ = {isa = PBXBuildFile; fileRef = 3490D3982328EFB300BA8747 /* HelpViewController.swift */; };
		34ACFBBF22EB0B0F004E6E63 /* AppDelegate.swift in Sources */ = {isa = PBXBuildFile; fileRef = 34ACFBBE22EB0B0F004E6E63 /* AppDelegate.swift */; };
		34ACFBC322EB0B11004E6E63 /* Assets.xcassets in Resources */ = {isa = PBXBuildFile; fileRef = 34ACFBC222EB0B11004E6E63 /* Assets.xcassets */; };
		34ACFBC622EB0B11004E6E63 /* Main.storyboard in Resources */ = {isa = PBXBuildFile; fileRef = 34ACFBC422EB0B11004E6E63 /* Main.storyboard */; };
		34ACFBD222EB0B11004E6E63 /* YippyTests.swift in Sources */ = {isa = PBXBuildFile; fileRef = 34ACFBD122EB0B11004E6E63 /* YippyTests.swift */; };
		34ACFBDD22EB0B11004E6E63 /* YippyUITests.swift in Sources */ = {isa = PBXBuildFile; fileRef = 34ACFBDC22EB0B11004E6E63 /* YippyUITests.swift */; };
		34ACFBEB22EB0D6A004E6E63 /* YippyViewController.swift in Sources */ = {isa = PBXBuildFile; fileRef = 34ACFBEA22EB0D6A004E6E63 /* YippyViewController.swift */; };
		34B2FD8D22F6FF970068D50A /* YippyItem.xib in Resources */ = {isa = PBXBuildFile; fileRef = 34B2FD8C22F6FF970068D50A /* YippyItem.xib */; };
		34B2FD9122F986AB0068D50A /* README.md in Resources */ = {isa = PBXBuildFile; fileRef = 34B2FD9022F986AB0068D50A /* README.md */; };
		34B2FD9322F988980068D50A /* Settings.swift in Sources */ = {isa = PBXBuildFile; fileRef = 34B2FD9222F988980068D50A /* Settings.swift */; };
		34B2FD9522F98B1A0068D50A /* PanelPosition.swift in Sources */ = {isa = PBXBuildFile; fileRef = 34B2FD9422F98B1A0068D50A /* PanelPosition.swift */; };
		34B2FD9722F98C4E0068D50A /* NSMenu+Functional.swift in Sources */ = {isa = PBXBuildFile; fileRef = 34B2FD9622F98C4E0068D50A /* NSMenu+Functional.swift */; };
		34B2FD9922F98C570068D50A /* NSMenuItem+Functional.swift in Sources */ = {isa = PBXBuildFile; fileRef = 34B2FD9822F98C570068D50A /* NSMenuItem+Functional.swift */; };
		34D018E5232A2B73006259E1 /* WaitingViewController.swift in Sources */ = {isa = PBXBuildFile; fileRef = 34D018E4232A2B73006259E1 /* WaitingViewController.swift */; };
		34D018E9232B4CFC006259E1 /* HelpWindowController.swift in Sources */ = {isa = PBXBuildFile; fileRef = 34D018E8232B4CFC006259E1 /* HelpWindowController.swift */; };
		34D018EB232B4D70006259E1 /* WelcomeWindowController.swift in Sources */ = {isa = PBXBuildFile; fileRef = 34D018EA232B4D70006259E1 /* WelcomeWindowController.swift */; };
		34D018ED232B5139006259E1 /* AboutWindowController.swift in Sources */ = {isa = PBXBuildFile; fileRef = 34D018EC232B5139006259E1 /* AboutWindowController.swift */; };
		34D018EF232B514A006259E1 /* AboutViewController.swift in Sources */ = {isa = PBXBuildFile; fileRef = 34D018EE232B514A006259E1 /* AboutViewController.swift */; };
		A5C99B740C04DDE460B8F2DA /* Pods_YippyUITests.framework in Frameworks */ = {isa = PBXBuildFile; fileRef = 16E2E0C7CB9E1EAF99F2E21E /* Pods_YippyUITests.framework */; };
		BF469DA2E1A5167F91B1378F /* Pods_Yippy.framework in Frameworks */ = {isa = PBXBuildFile; fileRef = AAC486734C13D23E7E98A2AC /* Pods_Yippy.framework */; };
		BFCE078A2E64ECAB4558310F /* Pods_YippyTests.framework in Frameworks */ = {isa = PBXBuildFile; fileRef = 4E6D5ACCA33FD3492CE9A5A1 /* Pods_YippyTests.framework */; };
/* End PBXBuildFile section */

/* Begin PBXContainerItemProxy section */
		34ACFBCE22EB0B11004E6E63 /* PBXContainerItemProxy */ = {
			isa = PBXContainerItemProxy;
			containerPortal = 34ACFBB322EB0B0E004E6E63 /* Project object */;
			proxyType = 1;
			remoteGlobalIDString = 34ACFBBA22EB0B0F004E6E63;
			remoteInfo = Yippy;
		};
		34ACFBD922EB0B11004E6E63 /* PBXContainerItemProxy */ = {
			isa = PBXContainerItemProxy;
			containerPortal = 34ACFBB322EB0B0E004E6E63 /* Project object */;
			proxyType = 1;
			remoteGlobalIDString = 34ACFBBA22EB0B0F004E6E63;
			remoteInfo = Yippy;
		};
/* End PBXContainerItemProxy section */

/* Begin PBXFileReference section */
		16E2E0C7CB9E1EAF99F2E21E /* Pods_YippyUITests.framework */ = {isa = PBXFileReference; explicitFileType = wrapper.framework; includeInIndex = 0; path = Pods_YippyUITests.framework; sourceTree = BUILT_PRODUCTS_DIR; };
		341D9D24233724A2008A2BE6 /* KeyPressMonitor.swift */ = {isa = PBXFileReference; lastKnownFileType = sourcecode.swift; path = KeyPressMonitor.swift; sourceTree = "<group>"; };
		341D9D26233724FE008A2BE6 /* NSEventModifierFlags+KeyPressMonitor.swift */ = {isa = PBXFileReference; lastKnownFileType = sourcecode.swift; path = "NSEventModifierFlags+KeyPressMonitor.swift"; sourceTree = "<group>"; };
		341D9D282337251B008A2BE6 /* KeyActionHandler.swift */ = {isa = PBXFileReference; lastKnownFileType = sourcecode.swift; path = KeyActionHandler.swift; sourceTree = "<group>"; };
		341D9D2A23372550008A2BE6 /* KeyAction.swift */ = {isa = PBXFileReference; lastKnownFileType = sourcecode.swift; path = KeyAction.swift; sourceTree = "<group>"; };
		341D9D2C23372592008A2BE6 /* EventMonitor.swift */ = {isa = PBXFileReference; lastKnownFileType = sourcecode.swift; path = EventMonitor.swift; sourceTree = "<group>"; };
		341D9D2E233725B3008A2BE6 /* KeyDownEventMonitor.swift */ = {isa = PBXFileReference; lastKnownFileType = sourcecode.swift; path = KeyDownEventMonitor.swift; sourceTree = "<group>"; };
		341D9D30233725CA008A2BE6 /* KeyUpEventMonitor.swift */ = {isa = PBXFileReference; lastKnownFileType = sourcecode.swift; path = KeyUpEventMonitor.swift; sourceTree = "<group>"; };
		341D9D32233725DE008A2BE6 /* SpecialKeyChangedEventMonitor.swift */ = {isa = PBXFileReference; lastKnownFileType = sourcecode.swift; path = SpecialKeyChangedEventMonitor.swift; sourceTree = "<group>"; };
		341D9D3423373083008A2BE6 /* YippyHotKey.swift */ = {isa = PBXFileReference; lastKnownFileType = sourcecode.swift; path = YippyHotKey.swift; sourceTree = "<group>"; };
		341D9D36233730A5008A2BE6 /* YippyHotKeys.swift */ = {isa = PBXFileReference; lastKnownFileType = sourcecode.swift; path = YippyHotKeys.swift; sourceTree = "<group>"; };
		341D9D3B233ADE6E008A2BE6 /* YippyWindowController.swift */ = {isa = PBXFileReference; lastKnownFileType = sourcecode.swift; path = YippyWindowController.swift; sourceTree = "<group>"; };
		341D9D3F233AE8A1008A2BE6 /* Helper.swift */ = {isa = PBXFileReference; lastKnownFileType = sourcecode.swift; path = Helper.swift; sourceTree = "<group>"; };
		341D9D41233B48E4008A2BE6 /* Array+Functional.swift */ = {isa = PBXFileReference; lastKnownFileType = sourcecode.swift; path = "Array+Functional.swift"; sourceTree = "<group>"; };
		3426810C233D912E00BA226A /* PasteboardMonitorTests.swift */ = {isa = PBXFileReference; lastKnownFileType = sourcecode.swift; path = PasteboardMonitorTests.swift; sourceTree = "<group>"; };
		34268110233D9CB500BA226A /* NSMenuFunctionalTests.swift */ = {isa = PBXFileReference; lastKnownFileType = sourcecode.swift; path = NSMenuFunctionalTests.swift; sourceTree = "<group>"; };
		34268112233D9EC500BA226A /* NSMenuItemFunctionalTests.swift */ = {isa = PBXFileReference; lastKnownFileType = sourcecode.swift; path = NSMenuItemFunctionalTests.swift; sourceTree = "<group>"; };
		34268114233DA69500BA226A /* ArrayFunctionalTests.swift */ = {isa = PBXFileReference; lastKnownFileType = sourcecode.swift; path = ArrayFunctionalTests.swift; sourceTree = "<group>"; };
		34268117233DE4EB00BA226A /* YippyHotKeyTests.swift */ = {isa = PBXFileReference; lastKnownFileType = sourcecode.swift; path = YippyHotKeyTests.swift; sourceTree = "<group>"; };
		34268119233DF64700BA226A /* WelcomeUITests.swift */ = {isa = PBXFileReference; lastKnownFileType = sourcecode.swift; path = WelcomeUITests.swift; sourceTree = "<group>"; };
		3426811D233E0A4600BA226A /* Accessibility.swift */ = {isa = PBXFileReference; lastKnownFileType = sourcecode.swift; path = Accessibility.swift; sourceTree = "<group>"; };
		34268123233EE82200BA226A /* AccessControlHelper.swift */ = {isa = PBXFileReference; lastKnownFileType = sourcecode.swift; path = AccessControlHelper.swift; sourceTree = "<group>"; };
		34268125233EE83700BA226A /* AccessControlHelperMock.swift */ = {isa = PBXFileReference; lastKnownFileType = sourcecode.swift; path = AccessControlHelperMock.swift; sourceTree = "<group>"; };
		3426812B233EFD2900BA226A /* UITesting.swift */ = {isa = PBXFileReference; lastKnownFileType = sourcecode.swift; path = UITesting.swift; sourceTree = "<group>"; };
		343F4119233C8C14004DA324 /* SettingsTests.swift */ = {isa = PBXFileReference; lastKnownFileType = sourcecode.swift; path = SettingsTests.swift; sourceTree = "<group>"; };
		343F411B233C97A4004DA324 /* UserDefaults+Blank.swift */ = {isa = PBXFileReference; lastKnownFileType = sourcecode.swift; path = "UserDefaults+Blank.swift"; sourceTree = "<group>"; };
		345B149223403B4100C2D0DA /* AccessControlMock.swift */ = {isa = PBXFileReference; lastKnownFileType = sourcecode.swift; path = AccessControlMock.swift; sourceTree = "<group>"; };
		345B14952340493600C2D0DA /* XCUIApplication+Windows.swift */ = {isa = PBXFileReference; lastKnownFileType = sourcecode.swift; path = "XCUIApplication+Windows.swift"; sourceTree = "<group>"; };
		345B14972340494300C2D0DA /* XCUIApplication+Buttons.swift */ = {isa = PBXFileReference; lastKnownFileType = sourcecode.swift; path = "XCUIApplication+Buttons.swift"; sourceTree = "<group>"; };
		345B149923404A9400C2D0DA /* XCUIApplication+Actions.swift */ = {isa = PBXFileReference; lastKnownFileType = sourcecode.swift; path = "XCUIApplication+Actions.swift"; sourceTree = "<group>"; };
		345B149B23404AC700C2D0DA /* XCUIElement+Properties.swift */ = {isa = PBXFileReference; lastKnownFileType = sourcecode.swift; path = "XCUIElement+Properties.swift"; sourceTree = "<group>"; };
		345B149E23404D8500C2D0DA /* HelpUITests.swift */ = {isa = PBXFileReference; lastKnownFileType = sourcecode.swift; path = HelpUITests.swift; sourceTree = "<group>"; };
		345B14A2234060BB00C2D0DA /* XCUIApplication+StaticTexts.swift */ = {isa = PBXFileReference; lastKnownFileType = sourcecode.swift; path = "XCUIApplication+StaticTexts.swift"; sourceTree = "<group>"; };
		345B14A5234061D700C2D0DA /* AboutUITests.swift */ = {isa = PBXFileReference; lastKnownFileType = sourcecode.swift; path = AboutUITests.swift; sourceTree = "<group>"; };
		345B14AC2341A08800C2D0DA /* XCUIApplication+Yippy.swift */ = {isa = PBXFileReference; lastKnownFileType = sourcecode.swift; path = "XCUIApplication+Yippy.swift"; sourceTree = "<group>"; };
		345B14AE2341AEEA00C2D0DA /* KeyPressHelper.swift */ = {isa = PBXFileReference; lastKnownFileType = sourcecode.swift; path = KeyPressHelper.swift; sourceTree = "<group>"; };
		345B14B02341AF1900C2D0DA /* KeyPressHelperMock.swift */ = {isa = PBXFileReference; lastKnownFileType = sourcecode.swift; path = KeyPressHelperMock.swift; sourceTree = "<group>"; };
		345B14B22341AFB800C2D0DA /* KeyPressMock.swift */ = {isa = PBXFileReference; lastKnownFileType = sourcecode.swift; path = KeyPressMock.swift; sourceTree = "<group>"; };
		34734C7E2330CB6A0056F855 /* PasteboardMonitor.swift */ = {isa = PBXFileReference; fileEncoding = 4; lastKnownFileType = sourcecode.swift; path = PasteboardMonitor.swift; sourceTree = "<group>"; };
		34734C7F2330CB6A0056F855 /* PasteboardMonitorDelegate.swift */ = {isa = PBXFileReference; fileEncoding = 4; lastKnownFileType = sourcecode.swift; path = PasteboardMonitorDelegate.swift; sourceTree = "<group>"; };
		347D59A322F43B94005F6EA8 /* YippyItem.swift */ = {isa = PBXFileReference; lastKnownFileType = sourcecode.swift; path = YippyItem.swift; sourceTree = "<group>"; };
		3488B13F22FAE8F30019E7DA /* Constants.swift */ = {isa = PBXFileReference; lastKnownFileType = sourcecode.swift; path = Constants.swift; sourceTree = "<group>"; };
		3488B14122FAE9FA0019E7DA /* State.swift */ = {isa = PBXFileReference; lastKnownFileType = sourcecode.swift; path = State.swift; sourceTree = "<group>"; };
		3490D3962328D6BD00BA8747 /* WelcomeViewController.swift */ = {isa = PBXFileReference; lastKnownFileType = sourcecode.swift; path = WelcomeViewController.swift; sourceTree = "<group>"; };
		3490D3982328EFB300BA8747 /* HelpViewController.swift */ = {isa = PBXFileReference; lastKnownFileType = sourcecode.swift; path = HelpViewController.swift; sourceTree = "<group>"; };
		34ACFBBB22EB0B0F004E6E63 /* Yippy.app */ = {isa = PBXFileReference; explicitFileType = wrapper.application; includeInIndex = 0; path = Yippy.app; sourceTree = BUILT_PRODUCTS_DIR; };
		34ACFBBE22EB0B0F004E6E63 /* AppDelegate.swift */ = {isa = PBXFileReference; lastKnownFileType = sourcecode.swift; path = AppDelegate.swift; sourceTree = "<group>"; };
		34ACFBC222EB0B11004E6E63 /* Assets.xcassets */ = {isa = PBXFileReference; lastKnownFileType = folder.assetcatalog; path = Assets.xcassets; sourceTree = "<group>"; };
		34ACFBC522EB0B11004E6E63 /* Base */ = {isa = PBXFileReference; lastKnownFileType = file.storyboard; name = Base; path = Base.lproj/Main.storyboard; sourceTree = "<group>"; };
		34ACFBC722EB0B11004E6E63 /* Info.plist */ = {isa = PBXFileReference; lastKnownFileType = text.plist.xml; path = Info.plist; sourceTree = "<group>"; };
		34ACFBC822EB0B11004E6E63 /* Yippy.entitlements */ = {isa = PBXFileReference; lastKnownFileType = text.plist.entitlements; path = Yippy.entitlements; sourceTree = "<group>"; };
		34ACFBCD22EB0B11004E6E63 /* YippyTests.xctest */ = {isa = PBXFileReference; explicitFileType = wrapper.cfbundle; includeInIndex = 0; path = YippyTests.xctest; sourceTree = BUILT_PRODUCTS_DIR; };
		34ACFBD122EB0B11004E6E63 /* YippyTests.swift */ = {isa = PBXFileReference; lastKnownFileType = sourcecode.swift; path = YippyTests.swift; sourceTree = "<group>"; };
		34ACFBD322EB0B11004E6E63 /* Info.plist */ = {isa = PBXFileReference; lastKnownFileType = text.plist.xml; path = Info.plist; sourceTree = "<group>"; };
		34ACFBD822EB0B11004E6E63 /* YippyUITests.xctest */ = {isa = PBXFileReference; explicitFileType = wrapper.cfbundle; includeInIndex = 0; path = YippyUITests.xctest; sourceTree = BUILT_PRODUCTS_DIR; };
		34ACFBDC22EB0B11004E6E63 /* YippyUITests.swift */ = {isa = PBXFileReference; lastKnownFileType = sourcecode.swift; path = YippyUITests.swift; sourceTree = "<group>"; };
		34ACFBDE22EB0B11004E6E63 /* Info.plist */ = {isa = PBXFileReference; lastKnownFileType = text.plist.xml; path = Info.plist; sourceTree = "<group>"; };
		34ACFBEA22EB0D6A004E6E63 /* YippyViewController.swift */ = {isa = PBXFileReference; lastKnownFileType = sourcecode.swift; path = YippyViewController.swift; sourceTree = "<group>"; };
		34B2FD8C22F6FF970068D50A /* YippyItem.xib */ = {isa = PBXFileReference; lastKnownFileType = file.xib; path = YippyItem.xib; sourceTree = "<group>"; };
		34B2FD9022F986AB0068D50A /* README.md */ = {isa = PBXFileReference; fileEncoding = 4; lastKnownFileType = net.daringfireball.markdown; path = README.md; sourceTree = SOURCE_ROOT; };
		34B2FD9222F988980068D50A /* Settings.swift */ = {isa = PBXFileReference; lastKnownFileType = sourcecode.swift; path = Settings.swift; sourceTree = "<group>"; };
		34B2FD9422F98B1A0068D50A /* PanelPosition.swift */ = {isa = PBXFileReference; lastKnownFileType = sourcecode.swift; path = PanelPosition.swift; sourceTree = "<group>"; };
		34B2FD9622F98C4E0068D50A /* NSMenu+Functional.swift */ = {isa = PBXFileReference; lastKnownFileType = sourcecode.swift; path = "NSMenu+Functional.swift"; sourceTree = "<group>"; };
		34B2FD9822F98C570068D50A /* NSMenuItem+Functional.swift */ = {isa = PBXFileReference; lastKnownFileType = sourcecode.swift; path = "NSMenuItem+Functional.swift"; sourceTree = "<group>"; };
		34D018E4232A2B73006259E1 /* WaitingViewController.swift */ = {isa = PBXFileReference; lastKnownFileType = sourcecode.swift; path = WaitingViewController.swift; sourceTree = "<group>"; };
		34D018E8232B4CFC006259E1 /* HelpWindowController.swift */ = {isa = PBXFileReference; lastKnownFileType = sourcecode.swift; path = HelpWindowController.swift; sourceTree = "<group>"; };
		34D018EA232B4D70006259E1 /* WelcomeWindowController.swift */ = {isa = PBXFileReference; lastKnownFileType = sourcecode.swift; path = WelcomeWindowController.swift; sourceTree = "<group>"; };
		34D018EC232B5139006259E1 /* AboutWindowController.swift */ = {isa = PBXFileReference; lastKnownFileType = sourcecode.swift; path = AboutWindowController.swift; sourceTree = "<group>"; };
		34D018EE232B514A006259E1 /* AboutViewController.swift */ = {isa = PBXFileReference; lastKnownFileType = sourcecode.swift; path = AboutViewController.swift; sourceTree = "<group>"; };
		4441172D72EE383F3CC69E4F /* Pods-Yippy.release.xcconfig */ = {isa = PBXFileReference; includeInIndex = 1; lastKnownFileType = text.xcconfig; name = "Pods-Yippy.release.xcconfig"; path = "Target Support Files/Pods-Yippy/Pods-Yippy.release.xcconfig"; sourceTree = "<group>"; };
		4E6D5ACCA33FD3492CE9A5A1 /* Pods_YippyTests.framework */ = {isa = PBXFileReference; explicitFileType = wrapper.framework; includeInIndex = 0; path = Pods_YippyTests.framework; sourceTree = BUILT_PRODUCTS_DIR; };
		5B238C725C4811E4B8CC319B /* Pods-YippyUITests.release.xcconfig */ = {isa = PBXFileReference; includeInIndex = 1; lastKnownFileType = text.xcconfig; name = "Pods-YippyUITests.release.xcconfig"; path = "Target Support Files/Pods-YippyUITests/Pods-YippyUITests.release.xcconfig"; sourceTree = "<group>"; };
		6D79BF5FC022B6E951278A1A /* Pods-YippyTests.debug.xcconfig */ = {isa = PBXFileReference; includeInIndex = 1; lastKnownFileType = text.xcconfig; name = "Pods-YippyTests.debug.xcconfig"; path = "Target Support Files/Pods-YippyTests/Pods-YippyTests.debug.xcconfig"; sourceTree = "<group>"; };
		8E87FF0379487D853FC8C52C /* Pods-YippyTests.release.xcconfig */ = {isa = PBXFileReference; includeInIndex = 1; lastKnownFileType = text.xcconfig; name = "Pods-YippyTests.release.xcconfig"; path = "Target Support Files/Pods-YippyTests/Pods-YippyTests.release.xcconfig"; sourceTree = "<group>"; };
		AAC486734C13D23E7E98A2AC /* Pods_Yippy.framework */ = {isa = PBXFileReference; explicitFileType = wrapper.framework; includeInIndex = 0; path = Pods_Yippy.framework; sourceTree = BUILT_PRODUCTS_DIR; };
		AE5BC7136BE0BA33106A2C2D /* Pods-Yippy.debug.xcconfig */ = {isa = PBXFileReference; includeInIndex = 1; lastKnownFileType = text.xcconfig; name = "Pods-Yippy.debug.xcconfig"; path = "Target Support Files/Pods-Yippy/Pods-Yippy.debug.xcconfig"; sourceTree = "<group>"; };
		C5A3D2D300A55B877885A168 /* Pods-YippyUITests.debug.xcconfig */ = {isa = PBXFileReference; includeInIndex = 1; lastKnownFileType = text.xcconfig; name = "Pods-YippyUITests.debug.xcconfig"; path = "Target Support Files/Pods-YippyUITests/Pods-YippyUITests.debug.xcconfig"; sourceTree = "<group>"; };
/* End PBXFileReference section */

/* Begin PBXFrameworksBuildPhase section */
		34ACFBB822EB0B0F004E6E63 /* Frameworks */ = {
			isa = PBXFrameworksBuildPhase;
			buildActionMask = 2147483647;
			files = (
				BF469DA2E1A5167F91B1378F /* Pods_Yippy.framework in Frameworks */,
			);
			runOnlyForDeploymentPostprocessing = 0;
		};
		34ACFBCA22EB0B11004E6E63 /* Frameworks */ = {
			isa = PBXFrameworksBuildPhase;
			buildActionMask = 2147483647;
			files = (
				BFCE078A2E64ECAB4558310F /* Pods_YippyTests.framework in Frameworks */,
			);
			runOnlyForDeploymentPostprocessing = 0;
		};
		34ACFBD522EB0B11004E6E63 /* Frameworks */ = {
			isa = PBXFrameworksBuildPhase;
			buildActionMask = 2147483647;
			files = (
				A5C99B740C04DDE460B8F2DA /* Pods_YippyUITests.framework in Frameworks */,
			);
			runOnlyForDeploymentPostprocessing = 0;
		};
/* End PBXFrameworksBuildPhase section */

/* Begin PBXGroup section */
		2F6C79B4B534D194417375B9 /* Frameworks */ = {
			isa = PBXGroup;
			children = (
				AAC486734C13D23E7E98A2AC /* Pods_Yippy.framework */,
				4E6D5ACCA33FD3492CE9A5A1 /* Pods_YippyTests.framework */,
				16E2E0C7CB9E1EAF99F2E21E /* Pods_YippyUITests.framework */,
			);
			name = Frameworks;
			sourceTree = "<group>";
		};
		341D9D2323372494008A2BE6 /* KeyPressMonitor */ = {
			isa = PBXGroup;
			children = (
				341D9D24233724A2008A2BE6 /* KeyPressMonitor.swift */,
				341D9D26233724FE008A2BE6 /* NSEventModifierFlags+KeyPressMonitor.swift */,
				341D9D282337251B008A2BE6 /* KeyActionHandler.swift */,
				341D9D2A23372550008A2BE6 /* KeyAction.swift */,
				341D9D2C23372592008A2BE6 /* EventMonitor.swift */,
				341D9D2E233725B3008A2BE6 /* KeyDownEventMonitor.swift */,
				341D9D30233725CA008A2BE6 /* KeyUpEventMonitor.swift */,
				341D9D32233725DE008A2BE6 /* SpecialKeyChangedEventMonitor.swift */,
			);
			path = KeyPressMonitor;
			sourceTree = "<group>";
		};
		341D9D38233A1460008A2BE6 /* Yippy */ = {
			isa = PBXGroup;
			children = (
				34ACFBEA22EB0D6A004E6E63 /* YippyViewController.swift */,
				341D9D3B233ADE6E008A2BE6 /* YippyWindowController.swift */,
			);
			path = Yippy;
			sourceTree = "<group>";
		};
		341D9D39233A14DB008A2BE6 /* YippyItem */ = {
			isa = PBXGroup;
			children = (
				347D59A322F43B94005F6EA8 /* YippyItem.swift */,
				34B2FD8C22F6FF970068D50A /* YippyItem.xib */,
			);
			path = YippyItem;
			sourceTree = "<group>";
		};
		341D9D3A233A1CA1008A2BE6 /* Extensions */ = {
			isa = PBXGroup;
			children = (
				34B2FD9622F98C4E0068D50A /* NSMenu+Functional.swift */,
				34B2FD9822F98C570068D50A /* NSMenuItem+Functional.swift */,
				341D9D41233B48E4008A2BE6 /* Array+Functional.swift */,
				343F411B233C97A4004DA324 /* UserDefaults+Blank.swift */,
			);
			path = Extensions;
			sourceTree = "<group>";
		};
		34268116233DACC100BA226A /* ExtensionsTests */ = {
			isa = PBXGroup;
			children = (
				34268114233DA69500BA226A /* ArrayFunctionalTests.swift */,
				34268110233D9CB500BA226A /* NSMenuFunctionalTests.swift */,
				34268112233D9EC500BA226A /* NSMenuItemFunctionalTests.swift */,
			);
			path = ExtensionsTests;
			sourceTree = "<group>";
		};
		34268120233EE7F900BA226A /* Helper */ = {
			isa = PBXGroup;
			children = (
				341D9D3F233AE8A1008A2BE6 /* Helper.swift */,
				34268123233EE82200BA226A /* AccessControlHelper.swift */,
				34268125233EE83700BA226A /* AccessControlHelperMock.swift */,
				345B14AE2341AEEA00C2D0DA /* KeyPressHelper.swift */,
				345B14B02341AF1900C2D0DA /* KeyPressHelperMock.swift */,
			);
			path = Helper;
			sourceTree = "<group>";
		};
		343F4116233C5A6F004DA324 /* Settings */ = {
			isa = PBXGroup;
			children = (
				34B2FD9222F988980068D50A /* Settings.swift */,
			);
			path = Settings;
			sourceTree = "<group>";
		};
		345B149D23404C4300C2D0DA /* UITesting */ = {
			isa = PBXGroup;
			children = (
				345B149223403B4100C2D0DA /* AccessControlMock.swift */,
				3426811D233E0A4600BA226A /* Accessibility.swift */,
				3426812B233EFD2900BA226A /* UITesting.swift */,
				345B14B22341AFB800C2D0DA /* KeyPressMock.swift */,
			);
			path = UITesting;
			sourceTree = "<group>";
		};
		345B14A42340618200C2D0DA /* Extensions */ = {
			isa = PBXGroup;
			children = (
				345B149923404A9400C2D0DA /* XCUIApplication+Actions.swift */,
				345B14972340494300C2D0DA /* XCUIApplication+Buttons.swift */,
				345B14A2234060BB00C2D0DA /* XCUIApplication+StaticTexts.swift */,
				345B14952340493600C2D0DA /* XCUIApplication+Windows.swift */,
				345B14AC2341A08800C2D0DA /* XCUIApplication+Yippy.swift */,
				345B149B23404AC700C2D0DA /* XCUIElement+Properties.swift */,
			);
			path = Extensions;
			sourceTree = "<group>";
		};
		34734C7D2330CB6A0056F855 /* PasteboardMonitor */ = {
			isa = PBXGroup;
			children = (
				34734C7E2330CB6A0056F855 /* PasteboardMonitor.swift */,
				34734C7F2330CB6A0056F855 /* PasteboardMonitorDelegate.swift */,
			);
			path = PasteboardMonitor;
			sourceTree = "<group>";
		};
		34734C822330CEC00056F855 /* Help */ = {
			isa = PBXGroup;
			children = (
				3490D3982328EFB300BA8747 /* HelpViewController.swift */,
				34D018E8232B4CFC006259E1 /* HelpWindowController.swift */,
			);
			path = Help;
			sourceTree = "<group>";
		};
		34734C832330CED20056F855 /* Welcome */ = {
			isa = PBXGroup;
			children = (
				3490D3962328D6BD00BA8747 /* WelcomeViewController.swift */,
				34D018EA232B4D70006259E1 /* WelcomeWindowController.swift */,
			);
			path = Welcome;
			sourceTree = "<group>";
		};
		34734C842330CEDE0056F855 /* About */ = {
			isa = PBXGroup;
			children = (
				34D018EE232B514A006259E1 /* AboutViewController.swift */,
				34D018EC232B5139006259E1 /* AboutWindowController.swift */,
			);
			path = About;
			sourceTree = "<group>";
		};
		34ACFBB222EB0B0E004E6E63 = {
			isa = PBXGroup;
			children = (
				34ACFBBD22EB0B0F004E6E63 /* Yippy */,
				34ACFBD022EB0B11004E6E63 /* YippyTests */,
				34ACFBDB22EB0B11004E6E63 /* YippyUITests */,
				34ACFBBC22EB0B0F004E6E63 /* Products */,
				E25B1BF673F15B06A7F5367C /* Pods */,
				2F6C79B4B534D194417375B9 /* Frameworks */,
			);
			sourceTree = "<group>";
		};
		34ACFBBC22EB0B0F004E6E63 /* Products */ = {
			isa = PBXGroup;
			children = (
				34ACFBBB22EB0B0F004E6E63 /* Yippy.app */,
				34ACFBCD22EB0B11004E6E63 /* YippyTests.xctest */,
				34ACFBD822EB0B11004E6E63 /* YippyUITests.xctest */,
			);
			name = Products;
			sourceTree = "<group>";
		};
		34ACFBBD22EB0B0F004E6E63 /* Yippy */ = {
			isa = PBXGroup;
			children = (
				34734C842330CEDE0056F855 /* About */,
				345B149D23404C4300C2D0DA /* UITesting */,
				34ACFBBE22EB0B0F004E6E63 /* AppDelegate.swift */,
				34ACFBC222EB0B11004E6E63 /* Assets.xcassets */,
				3488B13F22FAE8F30019E7DA /* Constants.swift */,
				341D9D3A233A1CA1008A2BE6 /* Extensions */,
				34734C822330CEC00056F855 /* Help */,
				34268120233EE7F900BA226A /* Helper */,
				34ACFBC722EB0B11004E6E63 /* Info.plist */,
				341D9D2323372494008A2BE6 /* KeyPressMonitor */,
				34ACFBC422EB0B11004E6E63 /* Main.storyboard */,
				34B2FD9422F98B1A0068D50A /* PanelPosition.swift */,
				34734C7D2330CB6A0056F855 /* PasteboardMonitor */,
				34B2FD9022F986AB0068D50A /* README.md */,
				343F4116233C5A6F004DA324 /* Settings */,
				3488B14122FAE9FA0019E7DA /* State.swift */,
				34D018E4232A2B73006259E1 /* WaitingViewController.swift */,
				34734C832330CED20056F855 /* Welcome */,
				341D9D38233A1460008A2BE6 /* Yippy */,
				34ACFBC822EB0B11004E6E63 /* Yippy.entitlements */,
				341D9D3423373083008A2BE6 /* YippyHotKey.swift */,
				341D9D36233730A5008A2BE6 /* YippyHotKeys.swift */,
				341D9D39233A14DB008A2BE6 /* YippyItem */,
			);
			path = Yippy;
			sourceTree = "<group>";
		};
		34ACFBD022EB0B11004E6E63 /* YippyTests */ = {
			isa = PBXGroup;
			children = (
				34268116233DACC100BA226A /* ExtensionsTests */,
				34ACFBD322EB0B11004E6E63 /* Info.plist */,
				3426810C233D912E00BA226A /* PasteboardMonitorTests.swift */,
				343F4119233C8C14004DA324 /* SettingsTests.swift */,
				34ACFBD122EB0B11004E6E63 /* YippyTests.swift */,
				34268117233DE4EB00BA226A /* YippyHotKeyTests.swift */,
			);
			path = YippyTests;
			sourceTree = "<group>";
		};
		34ACFBDB22EB0B11004E6E63 /* YippyUITests */ = {
			isa = PBXGroup;
			children = (
				345B14A42340618200C2D0DA /* Extensions */,
				345B149E23404D8500C2D0DA /* HelpUITests.swift */,
				34ACFBDE22EB0B11004E6E63 /* Info.plist */,
				34268119233DF64700BA226A /* WelcomeUITests.swift */,
				34ACFBDC22EB0B11004E6E63 /* YippyUITests.swift */,
				345B14A5234061D700C2D0DA /* AboutUITests.swift */,
			);
			path = YippyUITests;
			sourceTree = "<group>";
		};
		E25B1BF673F15B06A7F5367C /* Pods */ = {
			isa = PBXGroup;
			children = (
				AE5BC7136BE0BA33106A2C2D /* Pods-Yippy.debug.xcconfig */,
				4441172D72EE383F3CC69E4F /* Pods-Yippy.release.xcconfig */,
				6D79BF5FC022B6E951278A1A /* Pods-YippyTests.debug.xcconfig */,
				8E87FF0379487D853FC8C52C /* Pods-YippyTests.release.xcconfig */,
				C5A3D2D300A55B877885A168 /* Pods-YippyUITests.debug.xcconfig */,
				5B238C725C4811E4B8CC319B /* Pods-YippyUITests.release.xcconfig */,
			);
			path = Pods;
			sourceTree = "<group>";
		};
/* End PBXGroup section */

/* Begin PBXNativeTarget section */
		34ACFBBA22EB0B0F004E6E63 /* Yippy */ = {
			isa = PBXNativeTarget;
			buildConfigurationList = 34ACFBE122EB0B11004E6E63 /* Build configuration list for PBXNativeTarget "Yippy" */;
			buildPhases = (
				DCA536B0E60A36F2F95C1FC4 /* [CP] Check Pods Manifest.lock */,
				34ACFBB722EB0B0F004E6E63 /* Sources */,
				34ACFBB822EB0B0F004E6E63 /* Frameworks */,
				34ACFBB922EB0B0F004E6E63 /* Resources */,
				042254BF3306F66F9FE950EB /* [CP] Embed Pods Frameworks */,
			);
			buildRules = (
			);
			dependencies = (
			);
			name = Yippy;
			productName = Yippy;
			productReference = 34ACFBBB22EB0B0F004E6E63 /* Yippy.app */;
			productType = "com.apple.product-type.application";
		};
		34ACFBCC22EB0B11004E6E63 /* YippyTests */ = {
			isa = PBXNativeTarget;
			buildConfigurationList = 34ACFBE422EB0B11004E6E63 /* Build configuration list for PBXNativeTarget "YippyTests" */;
			buildPhases = (
				09C9DB2E4127513BB5E58FF4 /* [CP] Check Pods Manifest.lock */,
				34ACFBC922EB0B11004E6E63 /* Sources */,
				34ACFBCA22EB0B11004E6E63 /* Frameworks */,
				34ACFBCB22EB0B11004E6E63 /* Resources */,
				46E617A1AC30F513A5614DB5 /* [CP] Embed Pods Frameworks */,
			);
			buildRules = (
			);
			dependencies = (
				34ACFBCF22EB0B11004E6E63 /* PBXTargetDependency */,
			);
			name = YippyTests;
			productName = YippyTests;
			productReference = 34ACFBCD22EB0B11004E6E63 /* YippyTests.xctest */;
			productType = "com.apple.product-type.bundle.unit-test";
		};
		34ACFBD722EB0B11004E6E63 /* YippyUITests */ = {
			isa = PBXNativeTarget;
			buildConfigurationList = 34ACFBE722EB0B11004E6E63 /* Build configuration list for PBXNativeTarget "YippyUITests" */;
			buildPhases = (
				DB53ADD3045336845337472B /* [CP] Check Pods Manifest.lock */,
				34ACFBD422EB0B11004E6E63 /* Sources */,
				34ACFBD522EB0B11004E6E63 /* Frameworks */,
				34ACFBD622EB0B11004E6E63 /* Resources */,
				1277C902D4FB2D059A30577C /* [CP] Embed Pods Frameworks */,
			);
			buildRules = (
			);
			dependencies = (
				34ACFBDA22EB0B11004E6E63 /* PBXTargetDependency */,
			);
			name = YippyUITests;
			productName = YippyUITests;
			productReference = 34ACFBD822EB0B11004E6E63 /* YippyUITests.xctest */;
			productType = "com.apple.product-type.bundle.ui-testing";
		};
/* End PBXNativeTarget section */

/* Begin PBXProject section */
		34ACFBB322EB0B0E004E6E63 /* Project object */ = {
			isa = PBXProject;
			attributes = {
				LastSwiftUpdateCheck = 1020;
				LastUpgradeCheck = 1020;
				ORGANIZATIONNAME = MatthewDavidson;
				TargetAttributes = {
					34ACFBBA22EB0B0F004E6E63 = {
						CreatedOnToolsVersion = 10.2.1;
						SystemCapabilities = {
							com.apple.Sandbox = {
								enabled = 0;
							};
						};
					};
					34ACFBCC22EB0B11004E6E63 = {
						CreatedOnToolsVersion = 10.2.1;
						TestTargetID = 34ACFBBA22EB0B0F004E6E63;
					};
					34ACFBD722EB0B11004E6E63 = {
						CreatedOnToolsVersion = 10.2.1;
						TestTargetID = 34ACFBBA22EB0B0F004E6E63;
					};
				};
			};
			buildConfigurationList = 34ACFBB622EB0B0E004E6E63 /* Build configuration list for PBXProject "Yippy" */;
			compatibilityVersion = "Xcode 9.3";
			developmentRegion = en;
			hasScannedForEncodings = 0;
			knownRegions = (
				en,
				Base,
			);
			mainGroup = 34ACFBB222EB0B0E004E6E63;
			productRefGroup = 34ACFBBC22EB0B0F004E6E63 /* Products */;
			projectDirPath = "";
			projectRoot = "";
			targets = (
				34ACFBBA22EB0B0F004E6E63 /* Yippy */,
				34ACFBCC22EB0B11004E6E63 /* YippyTests */,
				34ACFBD722EB0B11004E6E63 /* YippyUITests */,
			);
		};
/* End PBXProject section */

/* Begin PBXResourcesBuildPhase section */
		34ACFBB922EB0B0F004E6E63 /* Resources */ = {
			isa = PBXResourcesBuildPhase;
			buildActionMask = 2147483647;
			files = (
				34ACFBC322EB0B11004E6E63 /* Assets.xcassets in Resources */,
				34ACFBC622EB0B11004E6E63 /* Main.storyboard in Resources */,
				34B2FD9122F986AB0068D50A /* README.md in Resources */,
				34B2FD8D22F6FF970068D50A /* YippyItem.xib in Resources */,
			);
			runOnlyForDeploymentPostprocessing = 0;
		};
		34ACFBCB22EB0B11004E6E63 /* Resources */ = {
			isa = PBXResourcesBuildPhase;
			buildActionMask = 2147483647;
			files = (
			);
			runOnlyForDeploymentPostprocessing = 0;
		};
		34ACFBD622EB0B11004E6E63 /* Resources */ = {
			isa = PBXResourcesBuildPhase;
			buildActionMask = 2147483647;
			files = (
			);
			runOnlyForDeploymentPostprocessing = 0;
		};
/* End PBXResourcesBuildPhase section */

/* Begin PBXShellScriptBuildPhase section */
		042254BF3306F66F9FE950EB /* [CP] Embed Pods Frameworks */ = {
			isa = PBXShellScriptBuildPhase;
			buildActionMask = 2147483647;
			files = (
			);
			inputFileListPaths = (
				"${PODS_ROOT}/Target Support Files/Pods-Yippy/Pods-Yippy-frameworks-${CONFIGURATION}-input-files.xcfilelist",
			);
			name = "[CP] Embed Pods Frameworks";
			outputFileListPaths = (
				"${PODS_ROOT}/Target Support Files/Pods-Yippy/Pods-Yippy-frameworks-${CONFIGURATION}-output-files.xcfilelist",
			);
			runOnlyForDeploymentPostprocessing = 0;
			shellPath = /bin/sh;
			shellScript = "\"${PODS_ROOT}/Target Support Files/Pods-Yippy/Pods-Yippy-frameworks.sh\"\n";
			showEnvVarsInLog = 0;
		};
		09C9DB2E4127513BB5E58FF4 /* [CP] Check Pods Manifest.lock */ = {
			isa = PBXShellScriptBuildPhase;
			buildActionMask = 2147483647;
			files = (
			);
			inputFileListPaths = (
			);
			inputPaths = (
				"${PODS_PODFILE_DIR_PATH}/Podfile.lock",
				"${PODS_ROOT}/Manifest.lock",
			);
			name = "[CP] Check Pods Manifest.lock";
			outputFileListPaths = (
			);
			outputPaths = (
				"$(DERIVED_FILE_DIR)/Pods-YippyTests-checkManifestLockResult.txt",
			);
			runOnlyForDeploymentPostprocessing = 0;
			shellPath = /bin/sh;
			shellScript = "diff \"${PODS_PODFILE_DIR_PATH}/Podfile.lock\" \"${PODS_ROOT}/Manifest.lock\" > /dev/null\nif [ $? != 0 ] ; then\n    # print error to STDERR\n    echo \"error: The sandbox is not in sync with the Podfile.lock. Run 'pod install' or update your CocoaPods installation.\" >&2\n    exit 1\nfi\n# This output is used by Xcode 'outputs' to avoid re-running this script phase.\necho \"SUCCESS\" > \"${SCRIPT_OUTPUT_FILE_0}\"\n";
			showEnvVarsInLog = 0;
		};
		1277C902D4FB2D059A30577C /* [CP] Embed Pods Frameworks */ = {
			isa = PBXShellScriptBuildPhase;
			buildActionMask = 2147483647;
			files = (
			);
			inputFileListPaths = (
				"${PODS_ROOT}/Target Support Files/Pods-YippyUITests/Pods-YippyUITests-frameworks-${CONFIGURATION}-input-files.xcfilelist",
			);
			name = "[CP] Embed Pods Frameworks";
			outputFileListPaths = (
				"${PODS_ROOT}/Target Support Files/Pods-YippyUITests/Pods-YippyUITests-frameworks-${CONFIGURATION}-output-files.xcfilelist",
			);
			runOnlyForDeploymentPostprocessing = 0;
			shellPath = /bin/sh;
			shellScript = "\"${PODS_ROOT}/Target Support Files/Pods-YippyUITests/Pods-YippyUITests-frameworks.sh\"\n";
			showEnvVarsInLog = 0;
		};
		46E617A1AC30F513A5614DB5 /* [CP] Embed Pods Frameworks */ = {
			isa = PBXShellScriptBuildPhase;
			buildActionMask = 2147483647;
			files = (
			);
			inputFileListPaths = (
				"${PODS_ROOT}/Target Support Files/Pods-YippyTests/Pods-YippyTests-frameworks-${CONFIGURATION}-input-files.xcfilelist",
			);
			name = "[CP] Embed Pods Frameworks";
			outputFileListPaths = (
				"${PODS_ROOT}/Target Support Files/Pods-YippyTests/Pods-YippyTests-frameworks-${CONFIGURATION}-output-files.xcfilelist",
			);
			runOnlyForDeploymentPostprocessing = 0;
			shellPath = /bin/sh;
			shellScript = "\"${PODS_ROOT}/Target Support Files/Pods-YippyTests/Pods-YippyTests-frameworks.sh\"\n";
			showEnvVarsInLog = 0;
		};
		DB53ADD3045336845337472B /* [CP] Check Pods Manifest.lock */ = {
			isa = PBXShellScriptBuildPhase;
			buildActionMask = 2147483647;
			files = (
			);
			inputFileListPaths = (
			);
			inputPaths = (
				"${PODS_PODFILE_DIR_PATH}/Podfile.lock",
				"${PODS_ROOT}/Manifest.lock",
			);
			name = "[CP] Check Pods Manifest.lock";
			outputFileListPaths = (
			);
			outputPaths = (
				"$(DERIVED_FILE_DIR)/Pods-YippyUITests-checkManifestLockResult.txt",
			);
			runOnlyForDeploymentPostprocessing = 0;
			shellPath = /bin/sh;
			shellScript = "diff \"${PODS_PODFILE_DIR_PATH}/Podfile.lock\" \"${PODS_ROOT}/Manifest.lock\" > /dev/null\nif [ $? != 0 ] ; then\n    # print error to STDERR\n    echo \"error: The sandbox is not in sync with the Podfile.lock. Run 'pod install' or update your CocoaPods installation.\" >&2\n    exit 1\nfi\n# This output is used by Xcode 'outputs' to avoid re-running this script phase.\necho \"SUCCESS\" > \"${SCRIPT_OUTPUT_FILE_0}\"\n";
			showEnvVarsInLog = 0;
		};
		DCA536B0E60A36F2F95C1FC4 /* [CP] Check Pods Manifest.lock */ = {
			isa = PBXShellScriptBuildPhase;
			buildActionMask = 2147483647;
			files = (
			);
			inputFileListPaths = (
			);
			inputPaths = (
				"${PODS_PODFILE_DIR_PATH}/Podfile.lock",
				"${PODS_ROOT}/Manifest.lock",
			);
			name = "[CP] Check Pods Manifest.lock";
			outputFileListPaths = (
			);
			outputPaths = (
				"$(DERIVED_FILE_DIR)/Pods-Yippy-checkManifestLockResult.txt",
			);
			runOnlyForDeploymentPostprocessing = 0;
			shellPath = /bin/sh;
			shellScript = "diff \"${PODS_PODFILE_DIR_PATH}/Podfile.lock\" \"${PODS_ROOT}/Manifest.lock\" > /dev/null\nif [ $? != 0 ] ; then\n    # print error to STDERR\n    echo \"error: The sandbox is not in sync with the Podfile.lock. Run 'pod install' or update your CocoaPods installation.\" >&2\n    exit 1\nfi\n# This output is used by Xcode 'outputs' to avoid re-running this script phase.\necho \"SUCCESS\" > \"${SCRIPT_OUTPUT_FILE_0}\"\n";
			showEnvVarsInLog = 0;
		};
/* End PBXShellScriptBuildPhase section */

/* Begin PBXSourcesBuildPhase section */
		34ACFBB722EB0B0F004E6E63 /* Sources */ = {
			isa = PBXSourcesBuildPhase;
			buildActionMask = 2147483647;
			files = (
				341D9D292337251B008A2BE6 /* KeyActionHandler.swift in Sources */,
				34B2FD9922F98C570068D50A /* NSMenuItem+Functional.swift in Sources */,
				341D9D2F233725B3008A2BE6 /* KeyDownEventMonitor.swift in Sources */,
				347D59A522F43B94005F6EA8 /* YippyItem.swift in Sources */,
				3426811E233E0A4600BA226A /* Accessibility.swift in Sources */,
				3490D3992328EFB300BA8747 /* HelpViewController.swift in Sources */,
				34734C812330CB6A0056F855 /* PasteboardMonitorDelegate.swift in Sources */,
				345B149323403B4100C2D0DA /* AccessControlMock.swift in Sources */,
				341D9D27233724FE008A2BE6 /* NSEventModifierFlags+KeyPressMonitor.swift in Sources */,
				3488B14222FAE9FA0019E7DA /* State.swift in Sources */,
				34B2FD9722F98C4E0068D50A /* NSMenu+Functional.swift in Sources */,
				345B14B12341AF1900C2D0DA /* KeyPressHelperMock.swift in Sources */,
				345B14AF2341AEEA00C2D0DA /* KeyPressHelper.swift in Sources */,
				341D9D31233725CA008A2BE6 /* KeyUpEventMonitor.swift in Sources */,
				34ACFBEB22EB0D6A004E6E63 /* YippyViewController.swift in Sources */,
				341D9D37233730A5008A2BE6 /* YippyHotKeys.swift in Sources */,
				34B2FD9522F98B1A0068D50A /* PanelPosition.swift in Sources */,
				34ACFBBF22EB0B0F004E6E63 /* AppDelegate.swift in Sources */,
				341D9D40233AE8A1008A2BE6 /* Helper.swift in Sources */,
				3426812C233EFD2900BA226A /* UITesting.swift in Sources */,
				34D018EF232B514A006259E1 /* AboutViewController.swift in Sources */,
				34734C802330CB6A0056F855 /* PasteboardMonitor.swift in Sources */,
				341D9D2D23372592008A2BE6 /* EventMonitor.swift in Sources */,
				341D9D2B23372550008A2BE6 /* KeyAction.swift in Sources */,
				34D018E9232B4CFC006259E1 /* HelpWindowController.swift in Sources */,
				341D9D42233B48E4008A2BE6 /* Array+Functional.swift in Sources */,
				34B2FD9322F988980068D50A /* Settings.swift in Sources */,
				34D018E5232A2B73006259E1 /* WaitingViewController.swift in Sources */,
				341D9D3523373083008A2BE6 /* YippyHotKey.swift in Sources */,
				345B14B32341AFB800C2D0DA /* KeyPressMock.swift in Sources */,
				3490D3972328D6BD00BA8747 /* WelcomeViewController.swift in Sources */,
				341D9D25233724A2008A2BE6 /* KeyPressMonitor.swift in Sources */,
				34268124233EE82200BA226A /* AccessControlHelper.swift in Sources */,
				341D9D3C233ADE6E008A2BE6 /* YippyWindowController.swift in Sources */,
				34D018EB232B4D70006259E1 /* WelcomeWindowController.swift in Sources */,
				34D018ED232B5139006259E1 /* AboutWindowController.swift in Sources */,
				343F411C233C97A4004DA324 /* UserDefaults+Blank.swift in Sources */,
				34268126233EE83700BA226A /* AccessControlHelperMock.swift in Sources */,
				341D9D33233725DE008A2BE6 /* SpecialKeyChangedEventMonitor.swift in Sources */,
				3488B14022FAE8F30019E7DA /* Constants.swift in Sources */,
			);
			runOnlyForDeploymentPostprocessing = 0;
		};
		34ACFBC922EB0B11004E6E63 /* Sources */ = {
			isa = PBXSourcesBuildPhase;
			buildActionMask = 2147483647;
			files = (
				34268115233DA69500BA226A /* ArrayFunctionalTests.swift in Sources */,
				3426810D233D912E00BA226A /* PasteboardMonitorTests.swift in Sources */,
				34268118233DE4EB00BA226A /* YippyHotKeyTests.swift in Sources */,
				343F411A233C8C14004DA324 /* SettingsTests.swift in Sources */,
				34268111233D9CB500BA226A /* NSMenuFunctionalTests.swift in Sources */,
				34ACFBD222EB0B11004E6E63 /* YippyTests.swift in Sources */,
				34268113233D9EC500BA226A /* NSMenuItemFunctionalTests.swift in Sources */,
			);
			runOnlyForDeploymentPostprocessing = 0;
		};
		34ACFBD422EB0B11004E6E63 /* Sources */ = {
			isa = PBXSourcesBuildPhase;
			buildActionMask = 2147483647;
			files = (
				345B14B52341B8DF00C2D0DA /* UITesting.swift in Sources */,
				345B14B42341B37A00C2D0DA /* KeyPressMock.swift in Sources */,
				345B14A823406E0500C2D0DA /* Constants.swift in Sources */,
				345B14A723406DCD00C2D0DA /* PanelPosition.swift in Sources */,
				345B14962340493600C2D0DA /* XCUIApplication+Windows.swift in Sources */,
				345B149423403B8F00C2D0DA /* AccessControlMock.swift in Sources */,
				345B14A3234060BB00C2D0DA /* XCUIApplication+StaticTexts.swift in Sources */,
				345B149F23404D8500C2D0DA /* HelpUITests.swift in Sources */,
				345B149C23404AC700C2D0DA /* XCUIElement+Properties.swift in Sources */,
				3426811F233E0A9A00BA226A /* Accessibility.swift in Sources */,
				345B14A6234061D700C2D0DA /* AboutUITests.swift in Sources */,
				345B14AD2341A08800C2D0DA /* XCUIApplication+Yippy.swift in Sources */,
				345B14982340494300C2D0DA /* XCUIApplication+Buttons.swift in Sources */,
				3426811A233DF64700BA226A /* WelcomeUITests.swift in Sources */,
				345B149A23404A9400C2D0DA /* XCUIApplication+Actions.swift in Sources */,
				34ACFBDD22EB0B11004E6E63 /* YippyUITests.swift in Sources */,
			);
			runOnlyForDeploymentPostprocessing = 0;
		};
/* End PBXSourcesBuildPhase section */

/* Begin PBXTargetDependency section */
		34ACFBCF22EB0B11004E6E63 /* PBXTargetDependency */ = {
			isa = PBXTargetDependency;
			target = 34ACFBBA22EB0B0F004E6E63 /* Yippy */;
			targetProxy = 34ACFBCE22EB0B11004E6E63 /* PBXContainerItemProxy */;
		};
		34ACFBDA22EB0B11004E6E63 /* PBXTargetDependency */ = {
			isa = PBXTargetDependency;
			target = 34ACFBBA22EB0B0F004E6E63 /* Yippy */;
			targetProxy = 34ACFBD922EB0B11004E6E63 /* PBXContainerItemProxy */;
		};
/* End PBXTargetDependency section */

/* Begin PBXVariantGroup section */
		34ACFBC422EB0B11004E6E63 /* Main.storyboard */ = {
			isa = PBXVariantGroup;
			children = (
				34ACFBC522EB0B11004E6E63 /* Base */,
			);
			name = Main.storyboard;
			sourceTree = "<group>";
		};
/* End PBXVariantGroup section */

/* Begin XCBuildConfiguration section */
		34ACFBDF22EB0B11004E6E63 /* Debug */ = {
			isa = XCBuildConfiguration;
			buildSettings = {
				ALWAYS_SEARCH_USER_PATHS = NO;
				CLANG_ANALYZER_NONNULL = YES;
				CLANG_ANALYZER_NUMBER_OBJECT_CONVERSION = YES_AGGRESSIVE;
				CLANG_CXX_LANGUAGE_STANDARD = "gnu++14";
				CLANG_CXX_LIBRARY = "libc++";
				CLANG_ENABLE_MODULES = YES;
				CLANG_ENABLE_OBJC_ARC = YES;
				CLANG_ENABLE_OBJC_WEAK = YES;
				CLANG_WARN_BLOCK_CAPTURE_AUTORELEASING = YES;
				CLANG_WARN_BOOL_CONVERSION = YES;
				CLANG_WARN_COMMA = YES;
				CLANG_WARN_CONSTANT_CONVERSION = YES;
				CLANG_WARN_DEPRECATED_OBJC_IMPLEMENTATIONS = YES;
				CLANG_WARN_DIRECT_OBJC_ISA_USAGE = YES_ERROR;
				CLANG_WARN_DOCUMENTATION_COMMENTS = YES;
				CLANG_WARN_EMPTY_BODY = YES;
				CLANG_WARN_ENUM_CONVERSION = YES;
				CLANG_WARN_INFINITE_RECURSION = YES;
				CLANG_WARN_INT_CONVERSION = YES;
				CLANG_WARN_NON_LITERAL_NULL_CONVERSION = YES;
				CLANG_WARN_OBJC_IMPLICIT_RETAIN_SELF = YES;
				CLANG_WARN_OBJC_LITERAL_CONVERSION = YES;
				CLANG_WARN_OBJC_ROOT_CLASS = YES_ERROR;
				CLANG_WARN_RANGE_LOOP_ANALYSIS = YES;
				CLANG_WARN_STRICT_PROTOTYPES = YES;
				CLANG_WARN_SUSPICIOUS_MOVE = YES;
				CLANG_WARN_UNGUARDED_AVAILABILITY = YES_AGGRESSIVE;
				CLANG_WARN_UNREACHABLE_CODE = YES;
				CLANG_WARN__DUPLICATE_METHOD_MATCH = YES;
				CODE_SIGN_IDENTITY = "Mac Developer";
				COPY_PHASE_STRIP = NO;
				DEBUG_INFORMATION_FORMAT = dwarf;
				ENABLE_STRICT_OBJC_MSGSEND = YES;
				ENABLE_TESTABILITY = YES;
				GCC_C_LANGUAGE_STANDARD = gnu11;
				GCC_DYNAMIC_NO_PIC = NO;
				GCC_NO_COMMON_BLOCKS = YES;
				GCC_OPTIMIZATION_LEVEL = 0;
				GCC_PREPROCESSOR_DEFINITIONS = (
					"DEBUG=1",
					"$(inherited)",
				);
				GCC_WARN_64_TO_32_BIT_CONVERSION = YES;
				GCC_WARN_ABOUT_RETURN_TYPE = YES_ERROR;
				GCC_WARN_UNDECLARED_SELECTOR = YES;
				GCC_WARN_UNINITIALIZED_AUTOS = YES_AGGRESSIVE;
				GCC_WARN_UNUSED_FUNCTION = YES;
				GCC_WARN_UNUSED_VARIABLE = YES;
				MACOSX_DEPLOYMENT_TARGET = 10.14;
				MTL_ENABLE_DEBUG_INFO = INCLUDE_SOURCE;
				MTL_FAST_MATH = YES;
				ONLY_ACTIVE_ARCH = YES;
				SDKROOT = macosx;
				SWIFT_ACTIVE_COMPILATION_CONDITIONS = DEBUG;
				SWIFT_OPTIMIZATION_LEVEL = "-Onone";
			};
			name = Debug;
		};
		34ACFBE022EB0B11004E6E63 /* Release */ = {
			isa = XCBuildConfiguration;
			buildSettings = {
				ALWAYS_SEARCH_USER_PATHS = NO;
				CLANG_ANALYZER_NONNULL = YES;
				CLANG_ANALYZER_NUMBER_OBJECT_CONVERSION = YES_AGGRESSIVE;
				CLANG_CXX_LANGUAGE_STANDARD = "gnu++14";
				CLANG_CXX_LIBRARY = "libc++";
				CLANG_ENABLE_MODULES = YES;
				CLANG_ENABLE_OBJC_ARC = YES;
				CLANG_ENABLE_OBJC_WEAK = YES;
				CLANG_WARN_BLOCK_CAPTURE_AUTORELEASING = YES;
				CLANG_WARN_BOOL_CONVERSION = YES;
				CLANG_WARN_COMMA = YES;
				CLANG_WARN_CONSTANT_CONVERSION = YES;
				CLANG_WARN_DEPRECATED_OBJC_IMPLEMENTATIONS = YES;
				CLANG_WARN_DIRECT_OBJC_ISA_USAGE = YES_ERROR;
				CLANG_WARN_DOCUMENTATION_COMMENTS = YES;
				CLANG_WARN_EMPTY_BODY = YES;
				CLANG_WARN_ENUM_CONVERSION = YES;
				CLANG_WARN_INFINITE_RECURSION = YES;
				CLANG_WARN_INT_CONVERSION = YES;
				CLANG_WARN_NON_LITERAL_NULL_CONVERSION = YES;
				CLANG_WARN_OBJC_IMPLICIT_RETAIN_SELF = YES;
				CLANG_WARN_OBJC_LITERAL_CONVERSION = YES;
				CLANG_WARN_OBJC_ROOT_CLASS = YES_ERROR;
				CLANG_WARN_RANGE_LOOP_ANALYSIS = YES;
				CLANG_WARN_STRICT_PROTOTYPES = YES;
				CLANG_WARN_SUSPICIOUS_MOVE = YES;
				CLANG_WARN_UNGUARDED_AVAILABILITY = YES_AGGRESSIVE;
				CLANG_WARN_UNREACHABLE_CODE = YES;
				CLANG_WARN__DUPLICATE_METHOD_MATCH = YES;
				CODE_SIGN_IDENTITY = "Mac Developer";
				COPY_PHASE_STRIP = NO;
				DEBUG_INFORMATION_FORMAT = "dwarf-with-dsym";
				ENABLE_NS_ASSERTIONS = NO;
				ENABLE_STRICT_OBJC_MSGSEND = YES;
				GCC_C_LANGUAGE_STANDARD = gnu11;
				GCC_NO_COMMON_BLOCKS = YES;
				GCC_WARN_64_TO_32_BIT_CONVERSION = YES;
				GCC_WARN_ABOUT_RETURN_TYPE = YES_ERROR;
				GCC_WARN_UNDECLARED_SELECTOR = YES;
				GCC_WARN_UNINITIALIZED_AUTOS = YES_AGGRESSIVE;
				GCC_WARN_UNUSED_FUNCTION = YES;
				GCC_WARN_UNUSED_VARIABLE = YES;
				MACOSX_DEPLOYMENT_TARGET = 10.14;
				MTL_ENABLE_DEBUG_INFO = NO;
				MTL_FAST_MATH = YES;
				SDKROOT = macosx;
				SWIFT_COMPILATION_MODE = wholemodule;
				SWIFT_OPTIMIZATION_LEVEL = "-O";
			};
			name = Release;
		};
		34ACFBE222EB0B11004E6E63 /* Debug */ = {
			isa = XCBuildConfiguration;
			baseConfigurationReference = AE5BC7136BE0BA33106A2C2D /* Pods-Yippy.debug.xcconfig */;
			buildSettings = {
				ASSETCATALOG_COMPILER_APPICON_NAME = AppIcon;
				CODE_SIGN_STYLE = Automatic;
				COMBINE_HIDPI_IMAGES = YES;
				DEVELOPMENT_TEAM = HY8YZ2D6M7;
				INFOPLIST_FILE = Yippy/Info.plist;
				LD_RUNPATH_SEARCH_PATHS = (
					"$(inherited)",
					"@executable_path/../Frameworks",
				);
				PRODUCT_BUNDLE_IDENTIFIER = MatthewDavidson.Yippy;
				PRODUCT_NAME = "$(TARGET_NAME)";
				SWIFT_VERSION = 5.0;
			};
			name = Debug;
		};
		34ACFBE322EB0B11004E6E63 /* Release */ = {
			isa = XCBuildConfiguration;
			baseConfigurationReference = 4441172D72EE383F3CC69E4F /* Pods-Yippy.release.xcconfig */;
			buildSettings = {
				ASSETCATALOG_COMPILER_APPICON_NAME = AppIcon;
				CODE_SIGN_STYLE = Automatic;
				COMBINE_HIDPI_IMAGES = YES;
				DEVELOPMENT_TEAM = HY8YZ2D6M7;
				INFOPLIST_FILE = Yippy/Info.plist;
				LD_RUNPATH_SEARCH_PATHS = (
					"$(inherited)",
					"@executable_path/../Frameworks",
				);
				PRODUCT_BUNDLE_IDENTIFIER = MatthewDavidson.Yippy;
				PRODUCT_NAME = "$(TARGET_NAME)";
				SWIFT_VERSION = 5.0;
			};
			name = Release;
		};
		34ACFBE522EB0B11004E6E63 /* Debug */ = {
			isa = XCBuildConfiguration;
			baseConfigurationReference = 6D79BF5FC022B6E951278A1A /* Pods-YippyTests.debug.xcconfig */;
			buildSettings = {
				ALWAYS_EMBED_SWIFT_STANDARD_LIBRARIES = YES;
				BUNDLE_LOADER = "$(TEST_HOST)";
				CODE_SIGN_STYLE = Automatic;
				COMBINE_HIDPI_IMAGES = YES;
				DEVELOPMENT_TEAM = HY8YZ2D6M7;
				INFOPLIST_FILE = YippyTests/Info.plist;
				LD_RUNPATH_SEARCH_PATHS = (
					"$(inherited)",
					"@executable_path/../Frameworks",
					"@loader_path/../Frameworks",
				);
				PRODUCT_BUNDLE_IDENTIFIER = MatthewDavidson.YippyTests;
				PRODUCT_NAME = "$(TARGET_NAME)";
				SWIFT_VERSION = 5.0;
				TEST_HOST = "$(BUILT_PRODUCTS_DIR)/Yippy.app/Contents/MacOS/Yippy";
			};
			name = Debug;
		};
		34ACFBE622EB0B11004E6E63 /* Release */ = {
			isa = XCBuildConfiguration;
			baseConfigurationReference = 8E87FF0379487D853FC8C52C /* Pods-YippyTests.release.xcconfig */;
			buildSettings = {
				ALWAYS_EMBED_SWIFT_STANDARD_LIBRARIES = YES;
				BUNDLE_LOADER = "$(TEST_HOST)";
				CODE_SIGN_STYLE = Automatic;
				COMBINE_HIDPI_IMAGES = YES;
				DEVELOPMENT_TEAM = HY8YZ2D6M7;
				INFOPLIST_FILE = YippyTests/Info.plist;
				LD_RUNPATH_SEARCH_PATHS = (
					"$(inherited)",
					"@executable_path/../Frameworks",
					"@loader_path/../Frameworks",
				);
				PRODUCT_BUNDLE_IDENTIFIER = MatthewDavidson.YippyTests;
				PRODUCT_NAME = "$(TARGET_NAME)";
				SWIFT_VERSION = 5.0;
				TEST_HOST = "$(BUILT_PRODUCTS_DIR)/Yippy.app/Contents/MacOS/Yippy";
			};
			name = Release;
		};
		34ACFBE822EB0B11004E6E63 /* Debug */ = {
			isa = XCBuildConfiguration;
			baseConfigurationReference = C5A3D2D300A55B877885A168 /* Pods-YippyUITests.debug.xcconfig */;
			buildSettings = {
				ALWAYS_EMBED_SWIFT_STANDARD_LIBRARIES = YES;
				CODE_SIGN_STYLE = Automatic;
				COMBINE_HIDPI_IMAGES = YES;
				DEVELOPMENT_TEAM = HY8YZ2D6M7;
				INFOPLIST_FILE = YippyUITests/Info.plist;
				LD_RUNPATH_SEARCH_PATHS = (
					"$(inherited)",
					"@executable_path/../Frameworks",
					"@loader_path/../Frameworks",
				);
				PRODUCT_BUNDLE_IDENTIFIER = MatthewDavidson.YippyUITests;
				PRODUCT_NAME = "$(TARGET_NAME)";
				SWIFT_VERSION = 5.0;
				TEST_TARGET_NAME = Yippy;
			};
			name = Debug;
		};
		34ACFBE922EB0B11004E6E63 /* Release */ = {
			isa = XCBuildConfiguration;
			baseConfigurationReference = 5B238C725C4811E4B8CC319B /* Pods-YippyUITests.release.xcconfig */;
			buildSettings = {
				ALWAYS_EMBED_SWIFT_STANDARD_LIBRARIES = YES;
				CODE_SIGN_STYLE = Automatic;
				COMBINE_HIDPI_IMAGES = YES;
				DEVELOPMENT_TEAM = HY8YZ2D6M7;
				INFOPLIST_FILE = YippyUITests/Info.plist;
				LD_RUNPATH_SEARCH_PATHS = (
					"$(inherited)",
					"@executable_path/../Frameworks",
					"@loader_path/../Frameworks",
				);
				PRODUCT_BUNDLE_IDENTIFIER = MatthewDavidson.YippyUITests;
				PRODUCT_NAME = "$(TARGET_NAME)";
				SWIFT_VERSION = 5.0;
				TEST_TARGET_NAME = Yippy;
			};
			name = Release;
		};
/* End XCBuildConfiguration section */

/* Begin XCConfigurationList section */
		34ACFBB622EB0B0E004E6E63 /* Build configuration list for PBXProject "Yippy" */ = {
			isa = XCConfigurationList;
			buildConfigurations = (
				34ACFBDF22EB0B11004E6E63 /* Debug */,
				34ACFBE022EB0B11004E6E63 /* Release */,
			);
			defaultConfigurationIsVisible = 0;
			defaultConfigurationName = Release;
		};
		34ACFBE122EB0B11004E6E63 /* Build configuration list for PBXNativeTarget "Yippy" */ = {
			isa = XCConfigurationList;
			buildConfigurations = (
				34ACFBE222EB0B11004E6E63 /* Debug */,
				34ACFBE322EB0B11004E6E63 /* Release */,
			);
			defaultConfigurationIsVisible = 0;
			defaultConfigurationName = Release;
		};
		34ACFBE422EB0B11004E6E63 /* Build configuration list for PBXNativeTarget "YippyTests" */ = {
			isa = XCConfigurationList;
			buildConfigurations = (
				34ACFBE522EB0B11004E6E63 /* Debug */,
				34ACFBE622EB0B11004E6E63 /* Release */,
			);
			defaultConfigurationIsVisible = 0;
			defaultConfigurationName = Release;
		};
		34ACFBE722EB0B11004E6E63 /* Build configuration list for PBXNativeTarget "YippyUITests" */ = {
			isa = XCConfigurationList;
			buildConfigurations = (
				34ACFBE822EB0B11004E6E63 /* Debug */,
				34ACFBE922EB0B11004E6E63 /* Release */,
			);
			defaultConfigurationIsVisible = 0;
			defaultConfigurationName = Release;
		};
/* End XCConfigurationList section */
	};
	rootObject = 34ACFBB322EB0B0E004E6E63 /* Project object */;
}
